
Microsoft Visual Studio Solution File, Format Version 12.00
# Visual Studio Version 16
VisualStudioVersion = 16.0.29519.87
MinimumVisualStudioVersion = 10.0.40219.1
Project("{888888A0-9F3D-457C-B088-3A5042F75D52}") = "Person_CustomerClasses", "Person_CustomerClasses\Person_CustomerClasses.pyproj", "{2090511A-2AFD-44B5-80DA-A66730360135}"
EndProject
Global
	GlobalSection(SolutionConfigurationPlatforms) = preSolution
		Debug|Any CPU = Debug|Any CPU
		Release|Any CPU = Release|Any CPU
	EndGlobalSection
	GlobalSection(ProjectConfigurationPlatforms) = postSolution
		{2090511A-2AFD-44B5-80DA-A66730360135}.Debug|Any CPU.ActiveCfg = Debug|Any CPU
		{2090511A-2AFD-44B5-80DA-A66730360135}.Release|Any CPU.ActiveCfg = Release|Any CPU
	EndGlobalSection
	GlobalSection(SolutionProperties) = preSolution
		HideSolutionNode = FALSE
	EndGlobalSection
	GlobalSection(ExtensibilityGlobals) = postSolution
		SolutionGuid = {8A62AA99-7D75-4E85-AF41-F6FC4937EBBA}
	EndGlobalSection
EndGlobal
